
Microsoft Visual Studio Solution File, Format Version 12.00
# Visual Studio Version 16
VisualStudioVersion = 16.0.30503.244
MinimumVisualStudioVersion = 10.0.40219.1
Project("{FAE04EC0-301F-11D3-BF4B-00C04F79EFBC}") = "CollierFirlus_1322Lab14", "CollierFirlus_1322Lab14.csproj", "{E9E4F4F3-52C0-4BCA-BE0E-AB2B309F297B}"
EndProject
Global
	GlobalSection(SolutionConfigurationPlatforms) = preSolution
		Debug|Any CPU = Debug|Any CPU
		Release|Any CPU = Release|Any CPU
	EndGlobalSection
	GlobalSection(ProjectConfigurationPlatforms) = postSolution
		{E9E4F4F3-52C0-4BCA-BE0E-AB2B309F297B}.Debug|Any CPU.ActiveCfg = Debug|Any CPU
		{E9E4F4F3-52C0-4BCA-BE0E-AB2B309F297B}.Debug|Any CPU.Build.0 = Debug|Any CPU
		{E9E4F4F3-52C0-4BCA-BE0E-AB2B309F297B}.Release|Any CPU.ActiveCfg = Release|Any CPU
		{E9E4F4F3-52C0-4BCA-BE0E-AB2B309F297B}.Release|Any CPU.Build.0 = Release|Any CPU
	EndGlobalSection
	GlobalSection(SolutionProperties) = preSolution
		HideSolutionNode = FALSE
	EndGlobalSection
	GlobalSection(ExtensibilityGlobals) = postSolution
		SolutionGuid = {E8EC8C38-58A5-4045-A359-278E69060C5D}
	EndGlobalSection
EndGlobal
